
Microsoft Visual Studio Solution File, Format Version 12.00
# Visual Studio Version 17
VisualStudioVersion = 17.4.33213.308
MinimumVisualStudioVersion = 10.0.40219.1
Project("{9A19103F-16F7-4668-BE54-9A1E7A4F7556}") = "ProgressTable", "ProgressTable\ProgressTable.csproj", "{81BCC7B6-1265-468B-B1D6-6471DCE809CF}"
EndProject
Project("{FAE04EC0-301F-11D3-BF4B-00C04F79EFBC}") = "UITestsForProgressTable", "UITestsForProgressTable\UITestsForProgressTable.csproj", "{FB2DD0BC-3F70-4710-A65C-1EC7EC6686C4}"
EndProject
Global
	GlobalSection(SolutionConfigurationPlatforms) = preSolution
		Debug|Any CPU = Debug|Any CPU
		Release|Any CPU = Release|Any CPU
	EndGlobalSection
	GlobalSection(ProjectConfigurationPlatforms) = postSolution
		{81BCC7B6-1265-468B-B1D6-6471DCE809CF}.Debug|Any CPU.ActiveCfg = Debug|Any CPU
		{81BCC7B6-1265-468B-B1D6-6471DCE809CF}.Debug|Any CPU.Build.0 = Debug|Any CPU
		{81BCC7B6-1265-468B-B1D6-6471DCE809CF}.Release|Any CPU.ActiveCfg = Release|Any CPU
		{81BCC7B6-1265-468B-B1D6-6471DCE809CF}.Release|Any CPU.Build.0 = Release|Any CPU
		{FB2DD0BC-3F70-4710-A65C-1EC7EC6686C4}.Debug|Any CPU.ActiveCfg = Debug|Any CPU
		{FB2DD0BC-3F70-4710-A65C-1EC7EC6686C4}.Debug|Any CPU.Build.0 = Debug|Any CPU
		{FB2DD0BC-3F70-4710-A65C-1EC7EC6686C4}.Release|Any CPU.ActiveCfg = Release|Any CPU
		{FB2DD0BC-3F70-4710-A65C-1EC7EC6686C4}.Release|Any CPU.Build.0 = Release|Any CPU
	EndGlobalSection
	GlobalSection(SolutionProperties) = preSolution
		HideSolutionNode = FALSE
	EndGlobalSection
	GlobalSection(ExtensibilityGlobals) = postSolution
		SolutionGuid = {3DF342F2-4E19-41E5-940B-9C61FE66C37E}
	EndGlobalSection
EndGlobal
